// !$*UTF8*$!
{
	archiveVersion = 1;
	classes = {
	};
	objectVersion = 56;
	objects = {

/* Begin PBXBuildFile section */
		820BB2692A29AD24003DCA04 /* UsuarioExtra.swift in Sources */ = {isa = PBXBuildFile; fileRef = 820BB2682A29AD24003DCA04 /* UsuarioExtra.swift */; };
		820BB26B2A29B07B003DCA04 /* TareaExtra.swift in Sources */ = {isa = PBXBuildFile; fileRef = 820BB26A2A29B07B003DCA04 /* TareaExtra.swift */; };
		820BB2702A29B235003DCA04 /* CuentaInsertDTO.swift in Sources */ = {isa = PBXBuildFile; fileRef = 820BB26F2A29B235003DCA04 /* CuentaInsertDTO.swift */; };
		820BB2732A29B3A6003DCA04 /* LoginViewController.swift in Sources */ = {isa = PBXBuildFile; fileRef = 820BB2722A29B3A6003DCA04 /* LoginViewController.swift */; };
		820BB2752A29B480003DCA04 /* RegistroViewController.swift in Sources */ = {isa = PBXBuildFile; fileRef = 820BB2742A29B480003DCA04 /* RegistroViewController.swift */; };
		820BB2772A29B4A4003DCA04 /* NuevaTareaViewController.swift in Sources */ = {isa = PBXBuildFile; fileRef = 820BB2762A29B4A4003DCA04 /* NuevaTareaViewController.swift */; };
		820BB2792A29B4B0003DCA04 /* DatosViewController.swift in Sources */ = {isa = PBXBuildFile; fileRef = 820BB2782A29B4B0003DCA04 /* DatosViewController.swift */; };
		820BB27B2A29B4F5003DCA04 /* CalendarViewController.swift in Sources */ = {isa = PBXBuildFile; fileRef = 820BB27A2A29B4F5003DCA04 /* CalendarViewController.swift */; };
		820BB27D2A29B549003DCA04 /* MenuViewController.swift in Sources */ = {isa = PBXBuildFile; fileRef = 820BB27C2A29B549003DCA04 /* MenuViewController.swift */; };
		820BB27F2A29B59F003DCA04 /* CalendarioViewController.swift in Sources */ = {isa = PBXBuildFile; fileRef = 820BB27E2A29B59F003DCA04 /* CalendarioViewController.swift */; };
		820BB2822A29C4FA003DCA04 /* DataModel.xcdatamodeld in Sources */ = {isa = PBXBuildFile; fileRef = 820BB2802A29C4FA003DCA04 /* DataModel.xcdatamodeld */; };
		8219EE202A2462FE0080C71B /* AppDelegate.swift in Sources */ = {isa = PBXBuildFile; fileRef = 8219EE1F2A2462FE0080C71B /* AppDelegate.swift */; };
		8219EE222A2462FE0080C71B /* SceneDelegate.swift in Sources */ = {isa = PBXBuildFile; fileRef = 8219EE212A2462FE0080C71B /* SceneDelegate.swift */; };
		8219EE242A2462FE0080C71B /* ViewController.swift in Sources */ = {isa = PBXBuildFile; fileRef = 8219EE232A2462FE0080C71B /* ViewController.swift */; };
		8219EE272A2462FE0080C71B /* Main.storyboard in Resources */ = {isa = PBXBuildFile; fileRef = 8219EE252A2462FE0080C71B /* Main.storyboard */; };
		8219EE2C2A2462FF0080C71B /* Assets.xcassets in Resources */ = {isa = PBXBuildFile; fileRef = 8219EE2B2A2462FF0080C71B /* Assets.xcassets */; };
		8219EE2F2A2462FF0080C71B /* LaunchScreen.storyboard in Resources */ = {isa = PBXBuildFile; fileRef = 8219EE2D2A2462FF0080C71B /* LaunchScreen.storyboard */; };
		8219EE3A2A2463000080C71B /* NotasAppTests.swift in Sources */ = {isa = PBXBuildFile; fileRef = 8219EE392A2463000080C71B /* NotasAppTests.swift */; };
		8219EE442A2463000080C71B /* NotasAppUITests.swift in Sources */ = {isa = PBXBuildFile; fileRef = 8219EE432A2463000080C71B /* NotasAppUITests.swift */; };
		8219EE462A2463000080C71B /* NotasAppUITestsLaunchTests.swift in Sources */ = {isa = PBXBuildFile; fileRef = 8219EE452A2463000080C71B /* NotasAppUITestsLaunchTests.swift */; };
		8219EE5A2A246BBE0080C71B /* NotasService.swift in Sources */ = {isa = PBXBuildFile; fileRef = 8219EE592A246BBE0080C71B /* NotasService.swift */; };
		826AF50E2A2AE4AB00705257 /* CategoriaExtra.swift in Sources */ = {isa = PBXBuildFile; fileRef = 826AF50D2A2AE4AB00705257 /* CategoriaExtra.swift */; };
		826AF5302A2AF93F00705257 /* CoreDataManager.swift in Sources */ = {isa = PBXBuildFile; fileRef = 826AF52F2A2AF93F00705257 /* CoreDataManager.swift */; };
		82F103B62A2B6F19009F9892 /* Categoria+CoreDataClass.swift in Sources */ = {isa = PBXBuildFile; fileRef = 82F103AE2A2B6F19009F9892 /* Categoria+CoreDataClass.swift */; };
		82F103B72A2B6F19009F9892 /* Categoria+CoreDataProperties.swift in Sources */ = {isa = PBXBuildFile; fileRef = 82F103AF2A2B6F19009F9892 /* Categoria+CoreDataProperties.swift */; };
		82F103B82A2B6F19009F9892 /* Cuenta+CoreDataClass.swift in Sources */ = {isa = PBXBuildFile; fileRef = 82F103B02A2B6F19009F9892 /* Cuenta+CoreDataClass.swift */; };
		82F103B92A2B6F19009F9892 /* Cuenta+CoreDataProperties.swift in Sources */ = {isa = PBXBuildFile; fileRef = 82F103B12A2B6F19009F9892 /* Cuenta+CoreDataProperties.swift */; };
		82F103BA2A2B6F19009F9892 /* Usuario+CoreDataClass.swift in Sources */ = {isa = PBXBuildFile; fileRef = 82F103B22A2B6F19009F9892 /* Usuario+CoreDataClass.swift */; };
		82F103BB2A2B6F19009F9892 /* Usuario+CoreDataProperties.swift in Sources */ = {isa = PBXBuildFile; fileRef = 82F103B32A2B6F19009F9892 /* Usuario+CoreDataProperties.swift */; };
		82F103BC2A2B6F19009F9892 /* Tarea+CoreDataClass.swift in Sources */ = {isa = PBXBuildFile; fileRef = 82F103B42A2B6F19009F9892 /* Tarea+CoreDataClass.swift */; };
		82F103BD2A2B6F19009F9892 /* Tarea+CoreDataProperties.swift in Sources */ = {isa = PBXBuildFile; fileRef = 82F103B52A2B6F19009F9892 /* Tarea+CoreDataProperties.swift */; };
		82F103BF2A2BA16C009F9892 /* CuentaDTO.swift in Sources */ = {isa = PBXBuildFile; fileRef = 82F103BE2A2BA16C009F9892 /* CuentaDTO.swift */; };
/* End PBXBuildFile section */

/* Begin PBXContainerItemProxy section */
		8219EE362A2463000080C71B /* PBXContainerItemProxy */ = {
			isa = PBXContainerItemProxy;
			containerPortal = 8219EE142A2462FE0080C71B /* Project object */;
			proxyType = 1;
			remoteGlobalIDString = 8219EE1B2A2462FE0080C71B;
			remoteInfo = NotasApp;
		};
		8219EE402A2463000080C71B /* PBXContainerItemProxy */ = {
			isa = PBXContainerItemProxy;
			containerPortal = 8219EE142A2462FE0080C71B /* Project object */;
			proxyType = 1;
			remoteGlobalIDString = 8219EE1B2A2462FE0080C71B;
			remoteInfo = NotasApp;
		};
/* End PBXContainerItemProxy section */

/* Begin PBXFileReference section */
		820BB2682A29AD24003DCA04 /* UsuarioExtra.swift */ = {isa = PBXFileReference; lastKnownFileType = sourcecode.swift; path = UsuarioExtra.swift; sourceTree = "<group>"; };
		820BB26A2A29B07B003DCA04 /* TareaExtra.swift */ = {isa = PBXFileReference; lastKnownFileType = sourcecode.swift; path = TareaExtra.swift; sourceTree = "<group>"; };
		820BB26F2A29B235003DCA04 /* CuentaInsertDTO.swift */ = {isa = PBXFileReference; lastKnownFileType = sourcecode.swift; path = CuentaInsertDTO.swift; sourceTree = "<group>"; };
		820BB2722A29B3A6003DCA04 /* LoginViewController.swift */ = {isa = PBXFileReference; lastKnownFileType = sourcecode.swift; path = LoginViewController.swift; sourceTree = "<group>"; };
		820BB2742A29B480003DCA04 /* RegistroViewController.swift */ = {isa = PBXFileReference; lastKnownFileType = sourcecode.swift; path = RegistroViewController.swift; sourceTree = "<group>"; };
		820BB2762A29B4A4003DCA04 /* NuevaTareaViewController.swift */ = {isa = PBXFileReference; lastKnownFileType = sourcecode.swift; path = NuevaTareaViewController.swift; sourceTree = "<group>"; };
		820BB2782A29B4B0003DCA04 /* DatosViewController.swift */ = {isa = PBXFileReference; lastKnownFileType = sourcecode.swift; path = DatosViewController.swift; sourceTree = "<group>"; };
		820BB27A2A29B4F5003DCA04 /* CalendarViewController.swift */ = {isa = PBXFileReference; lastKnownFileType = sourcecode.swift; path = CalendarViewController.swift; sourceTree = "<group>"; };
		820BB27C2A29B549003DCA04 /* MenuViewController.swift */ = {isa = PBXFileReference; lastKnownFileType = sourcecode.swift; path = MenuViewController.swift; sourceTree = "<group>"; };
		820BB27E2A29B59F003DCA04 /* CalendarioViewController.swift */ = {isa = PBXFileReference; lastKnownFileType = sourcecode.swift; path = CalendarioViewController.swift; sourceTree = "<group>"; };
		820BB2812A29C4FA003DCA04 /* DataModel.xcdatamodel */ = {isa = PBXFileReference; lastKnownFileType = wrapper.xcdatamodel; path = DataModel.xcdatamodel; sourceTree = "<group>"; };
		8219EE1C2A2462FE0080C71B /* NotasApp.app */ = {isa = PBXFileReference; explicitFileType = wrapper.application; includeInIndex = 0; path = NotasApp.app; sourceTree = BUILT_PRODUCTS_DIR; };
		8219EE1F2A2462FE0080C71B /* AppDelegate.swift */ = {isa = PBXFileReference; lastKnownFileType = sourcecode.swift; path = AppDelegate.swift; sourceTree = "<group>"; };
		8219EE212A2462FE0080C71B /* SceneDelegate.swift */ = {isa = PBXFileReference; lastKnownFileType = sourcecode.swift; path = SceneDelegate.swift; sourceTree = "<group>"; };
		8219EE232A2462FE0080C71B /* ViewController.swift */ = {isa = PBXFileReference; lastKnownFileType = sourcecode.swift; path = ViewController.swift; sourceTree = "<group>"; };
		8219EE262A2462FE0080C71B /* Base */ = {isa = PBXFileReference; lastKnownFileType = file.storyboard; name = Base; path = Base.lproj/Main.storyboard; sourceTree = "<group>"; };
		8219EE2B2A2462FF0080C71B /* Assets.xcassets */ = {isa = PBXFileReference; lastKnownFileType = folder.assetcatalog; path = Assets.xcassets; sourceTree = "<group>"; };
		8219EE2E2A2462FF0080C71B /* Base */ = {isa = PBXFileReference; lastKnownFileType = file.storyboard; name = Base; path = Base.lproj/LaunchScreen.storyboard; sourceTree = "<group>"; };
		8219EE302A2462FF0080C71B /* Info.plist */ = {isa = PBXFileReference; lastKnownFileType = text.plist.xml; path = Info.plist; sourceTree = "<group>"; };
		8219EE352A2463000080C71B /* NotasAppTests.xctest */ = {isa = PBXFileReference; explicitFileType = wrapper.cfbundle; includeInIndex = 0; path = NotasAppTests.xctest; sourceTree = BUILT_PRODUCTS_DIR; };
		8219EE392A2463000080C71B /* NotasAppTests.swift */ = {isa = PBXFileReference; lastKnownFileType = sourcecode.swift; path = NotasAppTests.swift; sourceTree = "<group>"; };
		8219EE3F2A2463000080C71B /* NotasAppUITests.xctest */ = {isa = PBXFileReference; explicitFileType = wrapper.cfbundle; includeInIndex = 0; path = NotasAppUITests.xctest; sourceTree = BUILT_PRODUCTS_DIR; };
		8219EE432A2463000080C71B /* NotasAppUITests.swift */ = {isa = PBXFileReference; lastKnownFileType = sourcecode.swift; path = NotasAppUITests.swift; sourceTree = "<group>"; };
		8219EE452A2463000080C71B /* NotasAppUITestsLaunchTests.swift */ = {isa = PBXFileReference; lastKnownFileType = sourcecode.swift; path = NotasAppUITestsLaunchTests.swift; sourceTree = "<group>"; };
		8219EE592A246BBE0080C71B /* NotasService.swift */ = {isa = PBXFileReference; lastKnownFileType = sourcecode.swift; path = NotasService.swift; sourceTree = "<group>"; };
		826AF50D2A2AE4AB00705257 /* CategoriaExtra.swift */ = {isa = PBXFileReference; lastKnownFileType = sourcecode.swift; path = CategoriaExtra.swift; sourceTree = "<group>"; };
		826AF52F2A2AF93F00705257 /* CoreDataManager.swift */ = {isa = PBXFileReference; lastKnownFileType = sourcecode.swift; path = CoreDataManager.swift; sourceTree = "<group>"; };
		82F103AE2A2B6F19009F9892 /* Categoria+CoreDataClass.swift */ = {isa = PBXFileReference; lastKnownFileType = sourcecode.swift; path = "Categoria+CoreDataClass.swift"; sourceTree = "<group>"; };
		82F103AF2A2B6F19009F9892 /* Categoria+CoreDataProperties.swift */ = {isa = PBXFileReference; lastKnownFileType = sourcecode.swift; path = "Categoria+CoreDataProperties.swift"; sourceTree = "<group>"; };
		82F103B02A2B6F19009F9892 /* Cuenta+CoreDataClass.swift */ = {isa = PBXFileReference; lastKnownFileType = sourcecode.swift; path = "Cuenta+CoreDataClass.swift"; sourceTree = "<group>"; };
		82F103B12A2B6F19009F9892 /* Cuenta+CoreDataProperties.swift */ = {isa = PBXFileReference; lastKnownFileType = sourcecode.swift; path = "Cuenta+CoreDataProperties.swift"; sourceTree = "<group>"; };
		82F103B22A2B6F19009F9892 /* Usuario+CoreDataClass.swift */ = {isa = PBXFileReference; lastKnownFileType = sourcecode.swift; path = "Usuario+CoreDataClass.swift"; sourceTree = "<group>"; };
		82F103B32A2B6F19009F9892 /* Usuario+CoreDataProperties.swift */ = {isa = PBXFileReference; lastKnownFileType = sourcecode.swift; path = "Usuario+CoreDataProperties.swift"; sourceTree = "<group>"; };
		82F103B42A2B6F19009F9892 /* Tarea+CoreDataClass.swift */ = {isa = PBXFileReference; lastKnownFileType = sourcecode.swift; path = "Tarea+CoreDataClass.swift"; sourceTree = "<group>"; };
		82F103B52A2B6F19009F9892 /* Tarea+CoreDataProperties.swift */ = {isa = PBXFileReference; lastKnownFileType = sourcecode.swift; path = "Tarea+CoreDataProperties.swift"; sourceTree = "<group>"; };
		82F103BE2A2BA16C009F9892 /* CuentaDTO.swift */ = {isa = PBXFileReference; lastKnownFileType = sourcecode.swift; path = CuentaDTO.swift; sourceTree = "<group>"; };
/* End PBXFileReference section */

/* Begin PBXFrameworksBuildPhase section */
		8219EE192A2462FE0080C71B /* Frameworks */ = {
			isa = PBXFrameworksBuildPhase;
			buildActionMask = 2147483647;
			files = (
			);
			runOnlyForDeploymentPostprocessing = 0;
		};
		8219EE322A2463000080C71B /* Frameworks */ = {
			isa = PBXFrameworksBuildPhase;
			buildActionMask = 2147483647;
			files = (
			);
			runOnlyForDeploymentPostprocessing = 0;
		};
		8219EE3C2A2463000080C71B /* Frameworks */ = {
			isa = PBXFrameworksBuildPhase;
			buildActionMask = 2147483647;
			files = (
			);
			runOnlyForDeploymentPostprocessing = 0;
		};
/* End PBXFrameworksBuildPhase section */

/* Begin PBXGroup section */
		820BB2712A29B356003DCA04 /* view */ = {
			isa = PBXGroup;
			children = (
				8219EE232A2462FE0080C71B /* ViewController.swift */,
				820BB2722A29B3A6003DCA04 /* LoginViewController.swift */,
				820BB2742A29B480003DCA04 /* RegistroViewController.swift */,
				820BB2762A29B4A4003DCA04 /* NuevaTareaViewController.swift */,
				820BB2782A29B4B0003DCA04 /* DatosViewController.swift */,
				820BB27A2A29B4F5003DCA04 /* CalendarViewController.swift */,
				820BB27C2A29B549003DCA04 /* MenuViewController.swift */,
				820BB27E2A29B59F003DCA04 /* CalendarioViewController.swift */,
			);
			path = view;
			sourceTree = "<group>";
		};
		8219EE132A2462FE0080C71B = {
			isa = PBXGroup;
			children = (
				8219EE1E2A2462FE0080C71B /* NotasApp */,
				8219EE382A2463000080C71B /* NotasAppTests */,
				8219EE422A2463000080C71B /* NotasAppUITests */,
				8219EE1D2A2462FE0080C71B /* Products */,
			);
			sourceTree = "<group>";
		};
		8219EE1D2A2462FE0080C71B /* Products */ = {
			isa = PBXGroup;
			children = (
				8219EE1C2A2462FE0080C71B /* NotasApp.app */,
				8219EE352A2463000080C71B /* NotasAppTests.xctest */,
				8219EE3F2A2463000080C71B /* NotasAppUITests.xctest */,
			);
			name = Products;
			sourceTree = "<group>";
		};
		8219EE1E2A2462FE0080C71B /* NotasApp */ = {
			isa = PBXGroup;
			children = (
				820BB2712A29B356003DCA04 /* view */,
				8219EE542A2463770080C71B /* data */,
				8219EE532A2463690080C71B /* service */,
				8219EE522A2463580080C71B /*  dtos */,
				8219EE1F2A2462FE0080C71B /* AppDelegate.swift */,
				8219EE212A2462FE0080C71B /* SceneDelegate.swift */,
				8219EE252A2462FE0080C71B /* Main.storyboard */,
				8219EE2B2A2462FF0080C71B /* Assets.xcassets */,
				8219EE2D2A2462FF0080C71B /* LaunchScreen.storyboard */,
				8219EE302A2462FF0080C71B /* Info.plist */,
				820BB2802A29C4FA003DCA04 /* DataModel.xcdatamodeld */,
			);
			path = NotasApp;
			sourceTree = "<group>";
		};
		8219EE382A2463000080C71B /* NotasAppTests */ = {
			isa = PBXGroup;
			children = (
				8219EE392A2463000080C71B /* NotasAppTests.swift */,
			);
			path = NotasAppTests;
			sourceTree = "<group>";
		};
		8219EE422A2463000080C71B /* NotasAppUITests */ = {
			isa = PBXGroup;
			children = (
				8219EE432A2463000080C71B /* NotasAppUITests.swift */,
				8219EE452A2463000080C71B /* NotasAppUITestsLaunchTests.swift */,
			);
			path = NotasAppUITests;
			sourceTree = "<group>";
		};
		8219EE522A2463580080C71B /*  dtos */ = {
			isa = PBXGroup;
			children = (
				820BB2682A29AD24003DCA04 /* UsuarioExtra.swift */,
				820BB26A2A29B07B003DCA04 /* TareaExtra.swift */,
				820BB26F2A29B235003DCA04 /* CuentaInsertDTO.swift */,
				826AF50D2A2AE4AB00705257 /* CategoriaExtra.swift */,
				82F103BE2A2BA16C009F9892 /* CuentaDTO.swift */,
			);
			path = " dtos";
			sourceTree = "<group>";
		};
		8219EE532A2463690080C71B /* service */ = {
			isa = PBXGroup;
			children = (
				8219EE592A246BBE0080C71B /* NotasService.swift */,
			);
			path = service;
			sourceTree = "<group>";
		};
		8219EE542A2463770080C71B /* data */ = {
			isa = PBXGroup;
			children = (
				826AF5342A2AF95B00705257 /* Cuenta */,
				826AF5332A2AF94F00705257 /* Tarea */,
				826AF5322A2AF94A00705257 /* Categoria */,
				826AF5312A2AF94400705257 /* Usuario */,
				826AF52F2A2AF93F00705257 /* CoreDataManager.swift */,
			);
			path = data;
			sourceTree = "<group>";
		};
		826AF5312A2AF94400705257 /* Usuario */ = {
			isa = PBXGroup;
			children = (
				82F103B22A2B6F19009F9892 /* Usuario+CoreDataClass.swift */,
				82F103B32A2B6F19009F9892 /* Usuario+CoreDataProperties.swift */,
			);
			path = Usuario;
			sourceTree = "<group>";
		};
		826AF5322A2AF94A00705257 /* Categoria */ = {
			isa = PBXGroup;
			children = (
				82F103AE2A2B6F19009F9892 /* Categoria+CoreDataClass.swift */,
				82F103AF2A2B6F19009F9892 /* Categoria+CoreDataProperties.swift */,
			);
			path = Categoria;
			sourceTree = "<group>";
		};
		826AF5332A2AF94F00705257 /* Tarea */ = {
			isa = PBXGroup;
			children = (
				82F103B42A2B6F19009F9892 /* Tarea+CoreDataClass.swift */,
				82F103B52A2B6F19009F9892 /* Tarea+CoreDataProperties.swift */,
			);
			path = Tarea;
			sourceTree = "<group>";
		};
		826AF5342A2AF95B00705257 /* Cuenta */ = {
			isa = PBXGroup;
			children = (
				82F103B02A2B6F19009F9892 /* Cuenta+CoreDataClass.swift */,
				82F103B12A2B6F19009F9892 /* Cuenta+CoreDataProperties.swift */,
			);
			path = Cuenta;
			sourceTree = "<group>";
		};
/* End PBXGroup section */

/* Begin PBXNativeTarget section */
		8219EE1B2A2462FE0080C71B /* NotasApp */ = {
			isa = PBXNativeTarget;
			buildConfigurationList = 8219EE492A2463000080C71B /* Build configuration list for PBXNativeTarget "NotasApp" */;
			buildPhases = (
				8219EE182A2462FE0080C71B /* Sources */,
				8219EE192A2462FE0080C71B /* Frameworks */,
				8219EE1A2A2462FE0080C71B /* Resources */,
			);
			buildRules = (
			);
			dependencies = (
			);
			name = NotasApp;
			productName = NotasApp;
			productReference = 8219EE1C2A2462FE0080C71B /* NotasApp.app */;
			productType = "com.apple.product-type.application";
		};
		8219EE342A2463000080C71B /* NotasAppTests */ = {
			isa = PBXNativeTarget;
			buildConfigurationList = 8219EE4C2A2463000080C71B /* Build configuration list for PBXNativeTarget "NotasAppTests" */;
			buildPhases = (
				8219EE312A2463000080C71B /* Sources */,
				8219EE322A2463000080C71B /* Frameworks */,
				8219EE332A2463000080C71B /* Resources */,
			);
			buildRules = (
			);
			dependencies = (
				8219EE372A2463000080C71B /* PBXTargetDependency */,
			);
			name = NotasAppTests;
			productName = NotasAppTests;
			productReference = 8219EE352A2463000080C71B /* NotasAppTests.xctest */;
			productType = "com.apple.product-type.bundle.unit-test";
		};
		8219EE3E2A2463000080C71B /* NotasAppUITests */ = {
			isa = PBXNativeTarget;
			buildConfigurationList = 8219EE4F2A2463000080C71B /* Build configuration list for PBXNativeTarget "NotasAppUITests" */;
			buildPhases = (
				8219EE3B2A2463000080C71B /* Sources */,
				8219EE3C2A2463000080C71B /* Frameworks */,
				8219EE3D2A2463000080C71B /* Resources */,
			);
			buildRules = (
			);
			dependencies = (
				8219EE412A2463000080C71B /* PBXTargetDependency */,
			);
			name = NotasAppUITests;
			productName = NotasAppUITests;
			productReference = 8219EE3F2A2463000080C71B /* NotasAppUITests.xctest */;
			productType = "com.apple.product-type.bundle.ui-testing";
		};
/* End PBXNativeTarget section */

/* Begin PBXProject section */
		8219EE142A2462FE0080C71B /* Project object */ = {
			isa = PBXProject;
			attributes = {
				BuildIndependentTargetsInParallel = 1;
				LastSwiftUpdateCheck = 1430;
				LastUpgradeCheck = 1430;
				TargetAttributes = {
					8219EE1B2A2462FE0080C71B = {
						CreatedOnToolsVersion = 14.3;
					};
					8219EE342A2463000080C71B = {
						CreatedOnToolsVersion = 14.3;
						TestTargetID = 8219EE1B2A2462FE0080C71B;
					};
					8219EE3E2A2463000080C71B = {
						CreatedOnToolsVersion = 14.3;
						TestTargetID = 8219EE1B2A2462FE0080C71B;
					};
				};
			};
			buildConfigurationList = 8219EE172A2462FE0080C71B /* Build configuration list for PBXProject "NotasApp" */;
			compatibilityVersion = "Xcode 14.0";
			developmentRegion = en;
			hasScannedForEncodings = 0;
			knownRegions = (
				en,
				Base,
			);
			mainGroup = 8219EE132A2462FE0080C71B;
			productRefGroup = 8219EE1D2A2462FE0080C71B /* Products */;
			projectDirPath = "";
			projectRoot = "";
			targets = (
				8219EE1B2A2462FE0080C71B /* NotasApp */,
				8219EE342A2463000080C71B /* NotasAppTests */,
				8219EE3E2A2463000080C71B /* NotasAppUITests */,
			);
		};
/* End PBXProject section */

/* Begin PBXResourcesBuildPhase section */
		8219EE1A2A2462FE0080C71B /* Resources */ = {
			isa = PBXResourcesBuildPhase;
			buildActionMask = 2147483647;
			files = (
				8219EE2F2A2462FF0080C71B /* LaunchScreen.storyboard in Resources */,
				8219EE2C2A2462FF0080C71B /* Assets.xcassets in Resources */,
				8219EE272A2462FE0080C71B /* Main.storyboard in Resources */,
			);
			runOnlyForDeploymentPostprocessing = 0;
		};
		8219EE332A2463000080C71B /* Resources */ = {
			isa = PBXResourcesBuildPhase;
			buildActionMask = 2147483647;
			files = (
			);
			runOnlyForDeploymentPostprocessing = 0;
		};
		8219EE3D2A2463000080C71B /* Resources */ = {
			isa = PBXResourcesBuildPhase;
			buildActionMask = 2147483647;
			files = (
			);
			runOnlyForDeploymentPostprocessing = 0;
		};
/* End PBXResourcesBuildPhase section */

/* Begin PBXSourcesBuildPhase section */
		8219EE182A2462FE0080C71B /* Sources */ = {
			isa = PBXSourcesBuildPhase;
			buildActionMask = 2147483647;
			files = (
				820BB27B2A29B4F5003DCA04 /* CalendarViewController.swift in Sources */,
				82F103B62A2B6F19009F9892 /* Categoria+CoreDataClass.swift in Sources */,
				820BB2692A29AD24003DCA04 /* UsuarioExtra.swift in Sources */,
				820BB27F2A29B59F003DCA04 /* CalendarioViewController.swift in Sources */,
				82F103BD2A2B6F19009F9892 /* Tarea+CoreDataProperties.swift in Sources */,
				820BB2752A29B480003DCA04 /* RegistroViewController.swift in Sources */,
				82F103B82A2B6F19009F9892 /* Cuenta+CoreDataClass.swift in Sources */,
				820BB2822A29C4FA003DCA04 /* DataModel.xcdatamodeld in Sources */,
				820BB2772A29B4A4003DCA04 /* NuevaTareaViewController.swift in Sources */,
				8219EE242A2462FE0080C71B /* ViewController.swift in Sources */,
				8219EE202A2462FE0080C71B /* AppDelegate.swift in Sources */,
				82F103BA2A2B6F19009F9892 /* Usuario+CoreDataClass.swift in Sources */,
				826AF50E2A2AE4AB00705257 /* CategoriaExtra.swift in Sources */,
				820BB26B2A29B07B003DCA04 /* TareaExtra.swift in Sources */,
				82F103BC2A2B6F19009F9892 /* Tarea+CoreDataClass.swift in Sources */,
				82F103BF2A2BA16C009F9892 /* CuentaDTO.swift in Sources */,
				820BB27D2A29B549003DCA04 /* MenuViewController.swift in Sources */,
				82F103BB2A2B6F19009F9892 /* Usuario+CoreDataProperties.swift in Sources */,
				8219EE222A2462FE0080C71B /* SceneDelegate.swift in Sources */,
				826AF5302A2AF93F00705257 /* CoreDataManager.swift in Sources */,
				82F103B72A2B6F19009F9892 /* Categoria+CoreDataProperties.swift in Sources */,
				820BB2702A29B235003DCA04 /* CuentaInsertDTO.swift in Sources */,
				8219EE5A2A246BBE0080C71B /* NotasService.swift in Sources */,
				82F103B92A2B6F19009F9892 /* Cuenta+CoreDataProperties.swift in Sources */,
				820BB2792A29B4B0003DCA04 /* DatosViewController.swift in Sources */,
				820BB2732A29B3A6003DCA04 /* LoginViewController.swift in Sources */,
			);
			runOnlyForDeploymentPostprocessing = 0;
		};
		8219EE312A2463000080C71B /* Sources */ = {
			isa = PBXSourcesBuildPhase;
			buildActionMask = 2147483647;
			files = (
				8219EE3A2A2463000080C71B /* NotasAppTests.swift in Sources */,
			);
			runOnlyForDeploymentPostprocessing = 0;
		};
		8219EE3B2A2463000080C71B /* Sources */ = {
			isa = PBXSourcesBuildPhase;
			buildActionMask = 2147483647;
			files = (
				8219EE462A2463000080C71B /* NotasAppUITestsLaunchTests.swift in Sources */,
				8219EE442A2463000080C71B /* NotasAppUITests.swift in Sources */,
			);
			runOnlyForDeploymentPostprocessing = 0;
		};
/* End PBXSourcesBuildPhase section */

/* Begin PBXTargetDependency section */
		8219EE372A2463000080C71B /* PBXTargetDependency */ = {
			isa = PBXTargetDependency;
			target = 8219EE1B2A2462FE0080C71B /* NotasApp */;
			targetProxy = 8219EE362A2463000080C71B /* PBXContainerItemProxy */;
		};
		8219EE412A2463000080C71B /* PBXTargetDependency */ = {
			isa = PBXTargetDependency;
			target = 8219EE1B2A2462FE0080C71B /* NotasApp */;
			targetProxy = 8219EE402A2463000080C71B /* PBXContainerItemProxy */;
		};
/* End PBXTargetDependency section */

/* Begin PBXVariantGroup section */
		8219EE252A2462FE0080C71B /* Main.storyboard */ = {
			isa = PBXVariantGroup;
			children = (
				8219EE262A2462FE0080C71B /* Base */,
			);
			name = Main.storyboard;
			sourceTree = "<group>";
		};
		8219EE2D2A2462FF0080C71B /* LaunchScreen.storyboard */ = {
			isa = PBXVariantGroup;
			children = (
				8219EE2E2A2462FF0080C71B /* Base */,
			);
			name = LaunchScreen.storyboard;
			sourceTree = "<group>";
		};
/* End PBXVariantGroup section */

/* Begin XCBuildConfiguration section */
		8219EE472A2463000080C71B /* Debug */ = {
			isa = XCBuildConfiguration;
			buildSettings = {
				ALWAYS_SEARCH_USER_PATHS = NO;
				CLANG_ANALYZER_NONNULL = YES;
				CLANG_ANALYZER_NUMBER_OBJECT_CONVERSION = YES_AGGRESSIVE;
				CLANG_CXX_LANGUAGE_STANDARD = "gnu++20";
				CLANG_ENABLE_MODULES = YES;
				CLANG_ENABLE_OBJC_ARC = YES;
				CLANG_ENABLE_OBJC_WEAK = YES;
				CLANG_WARN_BLOCK_CAPTURE_AUTORELEASING = YES;
				CLANG_WARN_BOOL_CONVERSION = YES;
				CLANG_WARN_COMMA = YES;
				CLANG_WARN_CONSTANT_CONVERSION = YES;
				CLANG_WARN_DEPRECATED_OBJC_IMPLEMENTATIONS = YES;
				CLANG_WARN_DIRECT_OBJC_ISA_USAGE = YES_ERROR;
				CLANG_WARN_DOCUMENTATION_COMMENTS = YES;
				CLANG_WARN_EMPTY_BODY = YES;
				CLANG_WARN_ENUM_CONVERSION = YES;
				CLANG_WARN_INFINITE_RECURSION = YES;
				CLANG_WARN_INT_CONVERSION = YES;
				CLANG_WARN_NON_LITERAL_NULL_CONVERSION = YES;
				CLANG_WARN_OBJC_IMPLICIT_RETAIN_SELF = YES;
				CLANG_WARN_OBJC_LITERAL_CONVERSION = YES;
				CLANG_WARN_OBJC_ROOT_CLASS = YES_ERROR;
				CLANG_WARN_QUOTED_INCLUDE_IN_FRAMEWORK_HEADER = YES;
				CLANG_WARN_RANGE_LOOP_ANALYSIS = YES;
				CLANG_WARN_STRICT_PROTOTYPES = YES;
				CLANG_WARN_SUSPICIOUS_MOVE = YES;
				CLANG_WARN_UNGUARDED_AVAILABILITY = YES_AGGRESSIVE;
				CLANG_WARN_UNREACHABLE_CODE = YES;
				CLANG_WARN__DUPLICATE_METHOD_MATCH = YES;
				COPY_PHASE_STRIP = NO;
				DEBUG_INFORMATION_FORMAT = dwarf;
				ENABLE_STRICT_OBJC_MSGSEND = YES;
				ENABLE_TESTABILITY = YES;
				GCC_C_LANGUAGE_STANDARD = gnu11;
				GCC_DYNAMIC_NO_PIC = NO;
				GCC_NO_COMMON_BLOCKS = YES;
				GCC_OPTIMIZATION_LEVEL = 0;
				GCC_PREPROCESSOR_DEFINITIONS = (
					"DEBUG=1",
					"$(inherited)",
				);
				GCC_WARN_64_TO_32_BIT_CONVERSION = YES;
				GCC_WARN_ABOUT_RETURN_TYPE = YES_ERROR;
				GCC_WARN_UNDECLARED_SELECTOR = YES;
				GCC_WARN_UNINITIALIZED_AUTOS = YES_AGGRESSIVE;
				GCC_WARN_UNUSED_FUNCTION = YES;
				GCC_WARN_UNUSED_VARIABLE = YES;
				IPHONEOS_DEPLOYMENT_TARGET = 16.4;
				MTL_ENABLE_DEBUG_INFO = INCLUDE_SOURCE;
				MTL_FAST_MATH = YES;
				ONLY_ACTIVE_ARCH = YES;
				SDKROOT = iphoneos;
				SWIFT_ACTIVE_COMPILATION_CONDITIONS = DEBUG;
				SWIFT_OPTIMIZATION_LEVEL = "-Onone";
			};
			name = Debug;
		};
		8219EE482A2463000080C71B /* Release */ = {
			isa = XCBuildConfiguration;
			buildSettings = {
				ALWAYS_SEARCH_USER_PATHS = NO;
				CLANG_ANALYZER_NONNULL = YES;
				CLANG_ANALYZER_NUMBER_OBJECT_CONVERSION = YES_AGGRESSIVE;
				CLANG_CXX_LANGUAGE_STANDARD = "gnu++20";
				CLANG_ENABLE_MODULES = YES;
				CLANG_ENABLE_OBJC_ARC = YES;
				CLANG_ENABLE_OBJC_WEAK = YES;
				CLANG_WARN_BLOCK_CAPTURE_AUTORELEASING = YES;
				CLANG_WARN_BOOL_CONVERSION = YES;
				CLANG_WARN_COMMA = YES;
				CLANG_WARN_CONSTANT_CONVERSION = YES;
				CLANG_WARN_DEPRECATED_OBJC_IMPLEMENTATIONS = YES;
				CLANG_WARN_DIRECT_OBJC_ISA_USAGE = YES_ERROR;
				CLANG_WARN_DOCUMENTATION_COMMENTS = YES;
				CLANG_WARN_EMPTY_BODY = YES;
				CLANG_WARN_ENUM_CONVERSION = YES;
				CLANG_WARN_INFINITE_RECURSION = YES;
				CLANG_WARN_INT_CONVERSION = YES;
				CLANG_WARN_NON_LITERAL_NULL_CONVERSION = YES;
				CLANG_WARN_OBJC_IMPLICIT_RETAIN_SELF = YES;
				CLANG_WARN_OBJC_LITERAL_CONVERSION = YES;
				CLANG_WARN_OBJC_ROOT_CLASS = YES_ERROR;
				CLANG_WARN_QUOTED_INCLUDE_IN_FRAMEWORK_HEADER = YES;
				CLANG_WARN_RANGE_LOOP_ANALYSIS = YES;
				CLANG_WARN_STRICT_PROTOTYPES = YES;
				CLANG_WARN_SUSPICIOUS_MOVE = YES;
				CLANG_WARN_UNGUARDED_AVAILABILITY = YES_AGGRESSIVE;
				CLANG_WARN_UNREACHABLE_CODE = YES;
				CLANG_WARN__DUPLICATE_METHOD_MATCH = YES;
				COPY_PHASE_STRIP = NO;
				DEBUG_INFORMATION_FORMAT = "dwarf-with-dsym";
				ENABLE_NS_ASSERTIONS = NO;
				ENABLE_STRICT_OBJC_MSGSEND = YES;
				GCC_C_LANGUAGE_STANDARD = gnu11;
				GCC_NO_COMMON_BLOCKS = YES;
				GCC_WARN_64_TO_32_BIT_CONVERSION = YES;
				GCC_WARN_ABOUT_RETURN_TYPE = YES_ERROR;
				GCC_WARN_UNDECLARED_SELECTOR = YES;
				GCC_WARN_UNINITIALIZED_AUTOS = YES_AGGRESSIVE;
				GCC_WARN_UNUSED_FUNCTION = YES;
				GCC_WARN_UNUSED_VARIABLE = YES;
				IPHONEOS_DEPLOYMENT_TARGET = 16.4;
				MTL_ENABLE_DEBUG_INFO = NO;
				MTL_FAST_MATH = YES;
				SDKROOT = iphoneos;
				SWIFT_COMPILATION_MODE = wholemodule;
				SWIFT_OPTIMIZATION_LEVEL = "-O";
				VALIDATE_PRODUCT = YES;
			};
			name = Release;
		};
		8219EE4A2A2463000080C71B /* Debug */ = {
			isa = XCBuildConfiguration;
			buildSettings = {
				ASSETCATALOG_COMPILER_APPICON_NAME = AppIcon;
				ASSETCATALOG_COMPILER_GLOBAL_ACCENT_COLOR_NAME = AccentColor;
				CODE_SIGN_STYLE = Automatic;
				CURRENT_PROJECT_VERSION = 1;
				GENERATE_INFOPLIST_FILE = YES;
				INFOPLIST_FILE = NotasApp/Info.plist;
				INFOPLIST_KEY_UIApplicationSupportsIndirectInputEvents = YES;
				INFOPLIST_KEY_UILaunchStoryboardName = LaunchScreen;
				INFOPLIST_KEY_UIMainStoryboardFile = Main;
				INFOPLIST_KEY_UISupportedInterfaceOrientations_iPad = "UIInterfaceOrientationPortrait UIInterfaceOrientationPortraitUpsideDown UIInterfaceOrientationLandscapeLeft UIInterfaceOrientationLandscapeRight";
				INFOPLIST_KEY_UISupportedInterfaceOrientations_iPhone = "UIInterfaceOrientationPortrait UIInterfaceOrientationLandscapeLeft UIInterfaceOrientationLandscapeRight";
				LD_RUNPATH_SEARCH_PATHS = (
					"$(inherited)",
					"@executable_path/Frameworks",
				);
				MARKETING_VERSION = 1.0;
				PRODUCT_BUNDLE_IDENTIFIER = com.project.NotasApp;
				PRODUCT_NAME = "$(TARGET_NAME)";
				SWIFT_EMIT_LOC_STRINGS = YES;
				SWIFT_VERSION = 5.0;
				TARGETED_DEVICE_FAMILY = "1,2";
			};
			name = Debug;
		};
		8219EE4B2A2463000080C71B /* Release */ = {
			isa = XCBuildConfiguration;
			buildSettings = {
				ASSETCATALOG_COMPILER_APPICON_NAME = AppIcon;
				ASSETCATALOG_COMPILER_GLOBAL_ACCENT_COLOR_NAME = AccentColor;
				CODE_SIGN_STYLE = Automatic;
				CURRENT_PROJECT_VERSION = 1;
				GENERATE_INFOPLIST_FILE = YES;
				INFOPLIST_FILE = NotasApp/Info.plist;
				INFOPLIST_KEY_UIApplicationSupportsIndirectInputEvents = YES;
				INFOPLIST_KEY_UILaunchStoryboardName = LaunchScreen;
				INFOPLIST_KEY_UIMainStoryboardFile = Main;
				INFOPLIST_KEY_UISupportedInterfaceOrientations_iPad = "UIInterfaceOrientationPortrait UIInterfaceOrientationPortraitUpsideDown UIInterfaceOrientationLandscapeLeft UIInterfaceOrientationLandscapeRight";
				INFOPLIST_KEY_UISupportedInterfaceOrientations_iPhone = "UIInterfaceOrientationPortrait UIInterfaceOrientationLandscapeLeft UIInterfaceOrientationLandscapeRight";
				LD_RUNPATH_SEARCH_PATHS = (
					"$(inherited)",
					"@executable_path/Frameworks",
				);
				MARKETING_VERSION = 1.0;
				PRODUCT_BUNDLE_IDENTIFIER = com.project.NotasApp;
				PRODUCT_NAME = "$(TARGET_NAME)";
				SWIFT_EMIT_LOC_STRINGS = YES;
				SWIFT_VERSION = 5.0;
				TARGETED_DEVICE_FAMILY = "1,2";
			};
			name = Release;
		};
		8219EE4D2A2463000080C71B /* Debug */ = {
			isa = XCBuildConfiguration;
			buildSettings = {
				ALWAYS_EMBED_SWIFT_STANDARD_LIBRARIES = YES;
				BUNDLE_LOADER = "$(TEST_HOST)";
				CODE_SIGN_STYLE = Automatic;
				CURRENT_PROJECT_VERSION = 1;
				GENERATE_INFOPLIST_FILE = YES;
				IPHONEOS_DEPLOYMENT_TARGET = 16.4;
				MARKETING_VERSION = 1.0;
				PRODUCT_BUNDLE_IDENTIFIER = com.project.NotasAppTests;
				PRODUCT_NAME = "$(TARGET_NAME)";
				SWIFT_EMIT_LOC_STRINGS = NO;
				SWIFT_VERSION = 5.0;
				TARGETED_DEVICE_FAMILY = "1,2";
				TEST_HOST = "$(BUILT_PRODUCTS_DIR)/NotasApp.app/$(BUNDLE_EXECUTABLE_FOLDER_PATH)/NotasApp";
			};
			name = Debug;
		};
		8219EE4E2A2463000080C71B /* Release */ = {
			isa = XCBuildConfiguration;
			buildSettings = {
				ALWAYS_EMBED_SWIFT_STANDARD_LIBRARIES = YES;
				BUNDLE_LOADER = "$(TEST_HOST)";
				CODE_SIGN_STYLE = Automatic;
				CURRENT_PROJECT_VERSION = 1;
				GENERATE_INFOPLIST_FILE = YES;
				IPHONEOS_DEPLOYMENT_TARGET = 16.4;
				MARKETING_VERSION = 1.0;
				PRODUCT_BUNDLE_IDENTIFIER = com.project.NotasAppTests;
				PRODUCT_NAME = "$(TARGET_NAME)";
				SWIFT_EMIT_LOC_STRINGS = NO;
				SWIFT_VERSION = 5.0;
				TARGETED_DEVICE_FAMILY = "1,2";
				TEST_HOST = "$(BUILT_PRODUCTS_DIR)/NotasApp.app/$(BUNDLE_EXECUTABLE_FOLDER_PATH)/NotasApp";
			};
			name = Release;
		};
		8219EE502A2463000080C71B /* Debug */ = {
			isa = XCBuildConfiguration;
			buildSettings = {
				ALWAYS_EMBED_SWIFT_STANDARD_LIBRARIES = YES;
				CODE_SIGN_STYLE = Automatic;
				CURRENT_PROJECT_VERSION = 1;
				GENERATE_INFOPLIST_FILE = YES;
				MARKETING_VERSION = 1.0;
				PRODUCT_BUNDLE_IDENTIFIER = com.project.NotasAppUITests;
				PRODUCT_NAME = "$(TARGET_NAME)";
				SWIFT_EMIT_LOC_STRINGS = NO;
				SWIFT_VERSION = 5.0;
				TARGETED_DEVICE_FAMILY = "1,2";
				TEST_TARGET_NAME = NotasApp;
			};
			name = Debug;
		};
		8219EE512A2463000080C71B /* Release */ = {
			isa = XCBuildConfiguration;
			buildSettings = {
				ALWAYS_EMBED_SWIFT_STANDARD_LIBRARIES = YES;
				CODE_SIGN_STYLE = Automatic;
				CURRENT_PROJECT_VERSION = 1;
				GENERATE_INFOPLIST_FILE = YES;
				MARKETING_VERSION = 1.0;
				PRODUCT_BUNDLE_IDENTIFIER = com.project.NotasAppUITests;
				PRODUCT_NAME = "$(TARGET_NAME)";
				SWIFT_EMIT_LOC_STRINGS = NO;
				SWIFT_VERSION = 5.0;
				TARGETED_DEVICE_FAMILY = "1,2";
				TEST_TARGET_NAME = NotasApp;
			};
			name = Release;
		};
/* End XCBuildConfiguration section */

/* Begin XCConfigurationList section */
		8219EE172A2462FE0080C71B /* Build configuration list for PBXProject "NotasApp" */ = {
			isa = XCConfigurationList;
			buildConfigurations = (
				8219EE472A2463000080C71B /* Debug */,
				8219EE482A2463000080C71B /* Release */,
			);
			defaultConfigurationIsVisible = 0;
			defaultConfigurationName = Release;
		};
		8219EE492A2463000080C71B /* Build configuration list for PBXNativeTarget "NotasApp" */ = {
			isa = XCConfigurationList;
			buildConfigurations = (
				8219EE4A2A2463000080C71B /* Debug */,
				8219EE4B2A2463000080C71B /* Release */,
			);
			defaultConfigurationIsVisible = 0;
			defaultConfigurationName = Release;
		};
		8219EE4C2A2463000080C71B /* Build configuration list for PBXNativeTarget "NotasAppTests" */ = {
			isa = XCConfigurationList;
			buildConfigurations = (
				8219EE4D2A2463000080C71B /* Debug */,
				8219EE4E2A2463000080C71B /* Release */,
			);
			defaultConfigurationIsVisible = 0;
			defaultConfigurationName = Release;
		};
		8219EE4F2A2463000080C71B /* Build configuration list for PBXNativeTarget "NotasAppUITests" */ = {
			isa = XCConfigurationList;
			buildConfigurations = (
				8219EE502A2463000080C71B /* Debug */,
				8219EE512A2463000080C71B /* Release */,
			);
			defaultConfigurationIsVisible = 0;
			defaultConfigurationName = Release;
		};
/* End XCConfigurationList section */

/* Begin XCVersionGroup section */
		820BB2802A29C4FA003DCA04 /* DataModel.xcdatamodeld */ = {
			isa = XCVersionGroup;
			children = (
				820BB2812A29C4FA003DCA04 /* DataModel.xcdatamodel */,
			);
			currentVersion = 820BB2812A29C4FA003DCA04 /* DataModel.xcdatamodel */;
			path = DataModel.xcdatamodeld;
			sourceTree = "<group>";
			versionGroupType = wrapper.xcdatamodel;
		};
/* End XCVersionGroup section */
	};
	rootObject = 8219EE142A2462FE0080C71B /* Project object */;
}
